// !$*UTF8*$!
{
	archiveVersion = 1;
	classes = {
	};
	objectVersion = 46;
	objects = {

/* Begin PBXBuildFile section */
		7B16F4011E210E7A00F0E128 /* ContentCollectionView.swift in Sources */ = {isa = PBXBuildFile; fileRef = 7B16F4001E210E7A00F0E128 /* ContentCollectionView.swift */; };
		7B16F4031E210E8400F0E128 /* HeaderView.swift in Sources */ = {isa = PBXBuildFile; fileRef = 7B16F4021E210E8400F0E128 /* HeaderView.swift */; };
		7B16F4051E210FA600F0E128 /* NewsContentCell.swift in Sources */ = {isa = PBXBuildFile; fileRef = 7B16F4041E210FA600F0E128 /* NewsContentCell.swift */; };
		7B4029381E0E5F0B009D1B62 /* RandomGenerator.swift in Sources */ = {isa = PBXBuildFile; fileRef = 7B4029371E0E5F0B009D1B62 /* RandomGenerator.swift */; };
		7B40293E1E0E6F9C009D1B62 /* NewsViewController.swift in Sources */ = {isa = PBXBuildFile; fileRef = 7B40293D1E0E6F9C009D1B62 /* NewsViewController.swift */; };
		7B7A5EBC1E0FEBE60011073A /* LICENSE in Resources */ = {isa = PBXBuildFile; fileRef = 7B7A5E9A1E0FEBE60011073A /* LICENSE */; };
		7B7A5EBD1E0FEBE60011073A /* README.md in Sources */ = {isa = PBXBuildFile; fileRef = 7B7A5E9B1E0FEBE60011073A /* README.md */; };
		7B7A5EBE1E0FEBE60011073A /* Constraint.swift in Sources */ = {isa = PBXBuildFile; fileRef = 7B7A5E9D1E0FEBE60011073A /* Constraint.swift */; };
		7B7A5EBF1E0FEBE60011073A /* ConstraintAttributes.swift in Sources */ = {isa = PBXBuildFile; fileRef = 7B7A5E9E1E0FEBE60011073A /* ConstraintAttributes.swift */; };
		7B7A5EC01E0FEBE60011073A /* ConstraintConfig.swift in Sources */ = {isa = PBXBuildFile; fileRef = 7B7A5E9F1E0FEBE60011073A /* ConstraintConfig.swift */; };
		7B7A5EC11E0FEBE60011073A /* ConstraintConstantTarget.swift in Sources */ = {isa = PBXBuildFile; fileRef = 7B7A5EA01E0FEBE60011073A /* ConstraintConstantTarget.swift */; };
		7B7A5EC21E0FEBE60011073A /* ConstraintDescription.swift in Sources */ = {isa = PBXBuildFile; fileRef = 7B7A5EA11E0FEBE60011073A /* ConstraintDescription.swift */; };
		7B7A5EC31E0FEBE60011073A /* ConstraintDSL.swift in Sources */ = {isa = PBXBuildFile; fileRef = 7B7A5EA21E0FEBE60011073A /* ConstraintDSL.swift */; };
		7B7A5EC41E0FEBE60011073A /* ConstraintInsets.swift in Sources */ = {isa = PBXBuildFile; fileRef = 7B7A5EA31E0FEBE60011073A /* ConstraintInsets.swift */; };
		7B7A5EC51E0FEBE60011073A /* ConstraintInsetTarget.swift in Sources */ = {isa = PBXBuildFile; fileRef = 7B7A5EA41E0FEBE60011073A /* ConstraintInsetTarget.swift */; };
		7B7A5EC61E0FEBE60011073A /* ConstraintItem.swift in Sources */ = {isa = PBXBuildFile; fileRef = 7B7A5EA51E0FEBE60011073A /* ConstraintItem.swift */; };
		7B7A5EC71E0FEBE60011073A /* ConstraintLayoutGuide.swift in Sources */ = {isa = PBXBuildFile; fileRef = 7B7A5EA61E0FEBE60011073A /* ConstraintLayoutGuide.swift */; };
		7B7A5EC81E0FEBE60011073A /* ConstraintLayoutGuideDSL.swift in Sources */ = {isa = PBXBuildFile; fileRef = 7B7A5EA71E0FEBE60011073A /* ConstraintLayoutGuideDSL.swift */; };
		7B7A5EC91E0FEBE60011073A /* ConstraintLayoutSupport.swift in Sources */ = {isa = PBXBuildFile; fileRef = 7B7A5EA81E0FEBE60011073A /* ConstraintLayoutSupport.swift */; };
		7B7A5ECA1E0FEBE60011073A /* ConstraintLayoutSupportDSL.swift in Sources */ = {isa = PBXBuildFile; fileRef = 7B7A5EA91E0FEBE60011073A /* ConstraintLayoutSupportDSL.swift */; };
		7B7A5ECB1E0FEBE60011073A /* ConstraintMaker.swift in Sources */ = {isa = PBXBuildFile; fileRef = 7B7A5EAA1E0FEBE60011073A /* ConstraintMaker.swift */; };
		7B7A5ECC1E0FEBE60011073A /* ConstraintMakerEditable.swift in Sources */ = {isa = PBXBuildFile; fileRef = 7B7A5EAB1E0FEBE60011073A /* ConstraintMakerEditable.swift */; };
		7B7A5ECD1E0FEBE60011073A /* ConstraintMakerExtendable.swift in Sources */ = {isa = PBXBuildFile; fileRef = 7B7A5EAC1E0FEBE60011073A /* ConstraintMakerExtendable.swift */; };
		7B7A5ECE1E0FEBE60011073A /* ConstraintMakerFinalizable.swift in Sources */ = {isa = PBXBuildFile; fileRef = 7B7A5EAD1E0FEBE60011073A /* ConstraintMakerFinalizable.swift */; };
		7B7A5ECF1E0FEBE60011073A /* ConstraintMakerPriortizable.swift in Sources */ = {isa = PBXBuildFile; fileRef = 7B7A5EAE1E0FEBE60011073A /* ConstraintMakerPriortizable.swift */; };
		7B7A5ED01E0FEBE60011073A /* ConstraintMakerRelatable.swift in Sources */ = {isa = PBXBuildFile; fileRef = 7B7A5EAF1E0FEBE60011073A /* ConstraintMakerRelatable.swift */; };
		7B7A5ED11E0FEBE60011073A /* ConstraintMultiplierTarget.swift in Sources */ = {isa = PBXBuildFile; fileRef = 7B7A5EB01E0FEBE60011073A /* ConstraintMultiplierTarget.swift */; };
		7B7A5ED21E0FEBE60011073A /* ConstraintOffsetTarget.swift in Sources */ = {isa = PBXBuildFile; fileRef = 7B7A5EB11E0FEBE60011073A /* ConstraintOffsetTarget.swift */; };
		7B7A5ED31E0FEBE60011073A /* ConstraintPriorityTarget.swift in Sources */ = {isa = PBXBuildFile; fileRef = 7B7A5EB21E0FEBE60011073A /* ConstraintPriorityTarget.swift */; };
		7B7A5ED41E0FEBE60011073A /* ConstraintRelatableTarget.swift in Sources */ = {isa = PBXBuildFile; fileRef = 7B7A5EB31E0FEBE60011073A /* ConstraintRelatableTarget.swift */; };
		7B7A5ED51E0FEBE60011073A /* ConstraintRelation.swift in Sources */ = {isa = PBXBuildFile; fileRef = 7B7A5EB41E0FEBE60011073A /* ConstraintRelation.swift */; };
		7B7A5ED61E0FEBE60011073A /* ConstraintView+Extensions.swift in Sources */ = {isa = PBXBuildFile; fileRef = 7B7A5EB51E0FEBE60011073A /* ConstraintView+Extensions.swift */; };
		7B7A5ED71E0FEBE60011073A /* ConstraintView.swift in Sources */ = {isa = PBXBuildFile; fileRef = 7B7A5EB61E0FEBE60011073A /* ConstraintView.swift */; };
		7B7A5ED81E0FEBE60011073A /* ConstraintViewDSL.swift in Sources */ = {isa = PBXBuildFile; fileRef = 7B7A5EB71E0FEBE60011073A /* ConstraintViewDSL.swift */; };
		7B7A5ED91E0FEBE60011073A /* Debugging.swift in Sources */ = {isa = PBXBuildFile; fileRef = 7B7A5EB81E0FEBE60011073A /* Debugging.swift */; };
		7B7A5EDA1E0FEBE60011073A /* LayoutConstraint.swift in Sources */ = {isa = PBXBuildFile; fileRef = 7B7A5EB91E0FEBE60011073A /* LayoutConstraint.swift */; };
		7B7A5EDB1E0FEBE60011073A /* UILayoutGuide+Extensions.swift in Sources */ = {isa = PBXBuildFile; fileRef = 7B7A5EBA1E0FEBE60011073A /* UILayoutGuide+Extensions.swift */; };
		7B7A5EDC1E0FEBE60011073A /* UILayoutSupport+Extensions.swift in Sources */ = {isa = PBXBuildFile; fileRef = 7B7A5EBB1E0FEBE60011073A /* UILayoutSupport+Extensions.swift */; };
		94370D4B1E025ECB0076CC0D /* AppDelegate.swift in Sources */ = {isa = PBXBuildFile; fileRef = 94370D4A1E025ECB0076CC0D /* AppDelegate.swift */; };
		94370D501E025ECB0076CC0D /* Main.storyboard in Resources */ = {isa = PBXBuildFile; fileRef = 94370D4E1E025ECB0076CC0D /* Main.storyboard */; };
		94370D521E025ECB0076CC0D /* Assets.xcassets in Resources */ = {isa = PBXBuildFile; fileRef = 94370D511E025ECB0076CC0D /* Assets.xcassets */; };
		94370D551E025ECB0076CC0D /* LaunchScreen.storyboard in Resources */ = {isa = PBXBuildFile; fileRef = 94370D531E025ECB0076CC0D /* LaunchScreen.storyboard */; };
/* End PBXBuildFile section */

/* Begin PBXFileReference section */
		7B16F4001E210E7A00F0E128 /* ContentCollectionView.swift */ = {isa = PBXFileReference; fileEncoding = 4; lastKnownFileType = sourcecode.swift; path = ContentCollectionView.swift; sourceTree = "<group>"; };
		7B16F4021E210E8400F0E128 /* HeaderView.swift */ = {isa = PBXFileReference; fileEncoding = 4; lastKnownFileType = sourcecode.swift; path = HeaderView.swift; sourceTree = "<group>"; };
		7B16F4041E210FA600F0E128 /* NewsContentCell.swift */ = {isa = PBXFileReference; fileEncoding = 4; lastKnownFileType = sourcecode.swift; path = NewsContentCell.swift; sourceTree = "<group>"; };
		7B4029371E0E5F0B009D1B62 /* RandomGenerator.swift */ = {isa = PBXFileReference; fileEncoding = 4; lastKnownFileType = sourcecode.swift; path = RandomGenerator.swift; sourceTree = "<group>"; };
		7B40293D1E0E6F9C009D1B62 /* NewsViewController.swift */ = {isa = PBXFileReference; fileEncoding = 4; lastKnownFileType = sourcecode.swift; path = NewsViewController.swift; sourceTree = "<group>"; };
		7B7A5E9A1E0FEBE60011073A /* LICENSE */ = {isa = PBXFileReference; fileEncoding = 4; lastKnownFileType = text; path = LICENSE; sourceTree = "<group>"; };
		7B7A5E9B1E0FEBE60011073A /* README.md */ = {isa = PBXFileReference; fileEncoding = 4; lastKnownFileType = net.daringfireball.markdown; path = README.md; sourceTree = "<group>"; };
		7B7A5E9D1E0FEBE60011073A /* Constraint.swift */ = {isa = PBXFileReference; fileEncoding = 4; lastKnownFileType = sourcecode.swift; path = Constraint.swift; sourceTree = "<group>"; };
		7B7A5E9E1E0FEBE60011073A /* ConstraintAttributes.swift */ = {isa = PBXFileReference; fileEncoding = 4; lastKnownFileType = sourcecode.swift; path = ConstraintAttributes.swift; sourceTree = "<group>"; };
		7B7A5E9F1E0FEBE60011073A /* ConstraintConfig.swift */ = {isa = PBXFileReference; fileEncoding = 4; lastKnownFileType = sourcecode.swift; path = ConstraintConfig.swift; sourceTree = "<group>"; };
		7B7A5EA01E0FEBE60011073A /* ConstraintConstantTarget.swift */ = {isa = PBXFileReference; fileEncoding = 4; lastKnownFileType = sourcecode.swift; path = ConstraintConstantTarget.swift; sourceTree = "<group>"; };
		7B7A5EA11E0FEBE60011073A /* ConstraintDescription.swift */ = {isa = PBXFileReference; fileEncoding = 4; lastKnownFileType = sourcecode.swift; path = ConstraintDescription.swift; sourceTree = "<group>"; };
		7B7A5EA21E0FEBE60011073A /* ConstraintDSL.swift */ = {isa = PBXFileReference; fileEncoding = 4; lastKnownFileType = sourcecode.swift; path = ConstraintDSL.swift; sourceTree = "<group>"; };
		7B7A5EA31E0FEBE60011073A /* ConstraintInsets.swift */ = {isa = PBXFileReference; fileEncoding = 4; lastKnownFileType = sourcecode.swift; path = ConstraintInsets.swift; sourceTree = "<group>"; };
		7B7A5EA41E0FEBE60011073A /* ConstraintInsetTarget.swift */ = {isa = PBXFileReference; fileEncoding = 4; lastKnownFileType = sourcecode.swift; path = ConstraintInsetTarget.swift; sourceTree = "<group>"; };
		7B7A5EA51E0FEBE60011073A /* ConstraintItem.swift */ = {isa = PBXFileReference; fileEncoding = 4; lastKnownFileType = sourcecode.swift; path = ConstraintItem.swift; sourceTree = "<group>"; };
		7B7A5EA61E0FEBE60011073A /* ConstraintLayoutGuide.swift */ = {isa = PBXFileReference; fileEncoding = 4; lastKnownFileType = sourcecode.swift; path = ConstraintLayoutGuide.swift; sourceTree = "<group>"; };
		7B7A5EA71E0FEBE60011073A /* ConstraintLayoutGuideDSL.swift */ = {isa = PBXFileReference; fileEncoding = 4; lastKnownFileType = sourcecode.swift; path = ConstraintLayoutGuideDSL.swift; sourceTree = "<group>"; };
		7B7A5EA81E0FEBE60011073A /* ConstraintLayoutSupport.swift */ = {isa = PBXFileReference; fileEncoding = 4; lastKnownFileType = sourcecode.swift; path = ConstraintLayoutSupport.swift; sourceTree = "<group>"; };
		7B7A5EA91E0FEBE60011073A /* ConstraintLayoutSupportDSL.swift */ = {isa = PBXFileReference; fileEncoding = 4; lastKnownFileType = sourcecode.swift; path = ConstraintLayoutSupportDSL.swift; sourceTree = "<group>"; };
		7B7A5EAA1E0FEBE60011073A /* ConstraintMaker.swift */ = {isa = PBXFileReference; fileEncoding = 4; lastKnownFileType = sourcecode.swift; path = ConstraintMaker.swift; sourceTree = "<group>"; };
		7B7A5EAB1E0FEBE60011073A /* ConstraintMakerEditable.swift */ = {isa = PBXFileReference; fileEncoding = 4; lastKnownFileType = sourcecode.swift; path = ConstraintMakerEditable.swift; sourceTree = "<group>"; };
		7B7A5EAC1E0FEBE60011073A /* ConstraintMakerExtendable.swift */ = {isa = PBXFileReference; fileEncoding = 4; lastKnownFileType = sourcecode.swift; path = ConstraintMakerExtendable.swift; sourceTree = "<group>"; };
		7B7A5EAD1E0FEBE60011073A /* ConstraintMakerFinalizable.swift */ = {isa = PBXFileReference; fileEncoding = 4; lastKnownFileType = sourcecode.swift; path = ConstraintMakerFinalizable.swift; sourceTree = "<group>"; };
		7B7A5EAE1E0FEBE60011073A /* ConstraintMakerPriortizable.swift */ = {isa = PBXFileReference; fileEncoding = 4; lastKnownFileType = sourcecode.swift; path = ConstraintMakerPriortizable.swift; sourceTree = "<group>"; };
		7B7A5EAF1E0FEBE60011073A /* ConstraintMakerRelatable.swift */ = {isa = PBXFileReference; fileEncoding = 4; lastKnownFileType = sourcecode.swift; path = ConstraintMakerRelatable.swift; sourceTree = "<group>"; };
		7B7A5EB01E0FEBE60011073A /* ConstraintMultiplierTarget.swift */ = {isa = PBXFileReference; fileEncoding = 4; lastKnownFileType = sourcecode.swift; path = ConstraintMultiplierTarget.swift; sourceTree = "<group>"; };
		7B7A5EB11E0FEBE60011073A /* ConstraintOffsetTarget.swift */ = {isa = PBXFileReference; fileEncoding = 4; lastKnownFileType = sourcecode.swift; path = ConstraintOffsetTarget.swift; sourceTree = "<group>"; };
		7B7A5EB21E0FEBE60011073A /* ConstraintPriorityTarget.swift */ = {isa = PBXFileReference; fileEncoding = 4; lastKnownFileType = sourcecode.swift; path = ConstraintPriorityTarget.swift; sourceTree = "<group>"; };
		7B7A5EB31E0FEBE60011073A /* ConstraintRelatableTarget.swift */ = {isa = PBXFileReference; fileEncoding = 4; lastKnownFileType = sourcecode.swift; path = ConstraintRelatableTarget.swift; sourceTree = "<group>"; };
		7B7A5EB41E0FEBE60011073A /* ConstraintRelation.swift */ = {isa = PBXFileReference; fileEncoding = 4; lastKnownFileType = sourcecode.swift; path = ConstraintRelation.swift; sourceTree = "<group>"; };
		7B7A5EB51E0FEBE60011073A /* ConstraintView+Extensions.swift */ = {isa = PBXFileReference; fileEncoding = 4; lastKnownFileType = sourcecode.swift; path = "ConstraintView+Extensions.swift"; sourceTree = "<group>"; };
		7B7A5EB61E0FEBE60011073A /* ConstraintView.swift */ = {isa = PBXFileReference; fileEncoding = 4; lastKnownFileType = sourcecode.swift; path = ConstraintView.swift; sourceTree = "<group>"; };
		7B7A5EB71E0FEBE60011073A /* ConstraintViewDSL.swift */ = {isa = PBXFileReference; fileEncoding = 4; lastKnownFileType = sourcecode.swift; path = ConstraintViewDSL.swift; sourceTree = "<group>"; };
		7B7A5EB81E0FEBE60011073A /* Debugging.swift */ = {isa = PBXFileReference; fileEncoding = 4; lastKnownFileType = sourcecode.swift; path = Debugging.swift; sourceTree = "<group>"; };
		7B7A5EB91E0FEBE60011073A /* LayoutConstraint.swift */ = {isa = PBXFileReference; fileEncoding = 4; lastKnownFileType = sourcecode.swift; path = LayoutConstraint.swift; sourceTree = "<group>"; };
		7B7A5EBA1E0FEBE60011073A /* UILayoutGuide+Extensions.swift */ = {isa = PBXFileReference; fileEncoding = 4; lastKnownFileType = sourcecode.swift; path = "UILayoutGuide+Extensions.swift"; sourceTree = "<group>"; };
		7B7A5EBB1E0FEBE60011073A /* UILayoutSupport+Extensions.swift */ = {isa = PBXFileReference; fileEncoding = 4; lastKnownFileType = sourcecode.swift; path = "UILayoutSupport+Extensions.swift"; sourceTree = "<group>"; };
		94370D471E025ECB0076CC0D /* TestNetEase.app */ = {isa = PBXFileReference; explicitFileType = wrapper.application; includeInIndex = 0; path = TestNetEase.app; sourceTree = BUILT_PRODUCTS_DIR; };
		94370D4A1E025ECB0076CC0D /* AppDelegate.swift */ = {isa = PBXFileReference; lastKnownFileType = sourcecode.swift; path = AppDelegate.swift; sourceTree = "<group>"; };
		94370D4F1E025ECB0076CC0D /* Base */ = {isa = PBXFileReference; lastKnownFileType = file.storyboard; name = Base; path = Base.lproj/Main.storyboard; sourceTree = "<group>"; };
		94370D511E025ECB0076CC0D /* Assets.xcassets */ = {isa = PBXFileReference; lastKnownFileType = folder.assetcatalog; path = Assets.xcassets; sourceTree = "<group>"; };
		94370D541E025ECB0076CC0D /* Base */ = {isa = PBXFileReference; lastKnownFileType = file.storyboard; name = Base; path = Base.lproj/LaunchScreen.storyboard; sourceTree = "<group>"; };
		94370D561E025ECB0076CC0D /* Info.plist */ = {isa = PBXFileReference; lastKnownFileType = text.plist.xml; path = Info.plist; sourceTree = "<group>"; };
/* End PBXFileReference section */

/* Begin PBXFrameworksBuildPhase section */
		94370D441E025ECB0076CC0D /* Frameworks */ = {
			isa = PBXFrameworksBuildPhase;
			buildActionMask = 2147483647;
			files = (
			);
			runOnlyForDeploymentPostprocessing = 0;
		};
/* End PBXFrameworksBuildPhase section */

/* Begin PBXGroup section */
		7B7A5E991E0FEBE60011073A /* SnapKit */ = {
			isa = PBXGroup;
			children = (
				7B7A5E9A1E0FEBE60011073A /* LICENSE */,
				7B7A5E9B1E0FEBE60011073A /* README.md */,
				7B7A5E9C1E0FEBE60011073A /* Source */,
			);
			path = SnapKit;
			sourceTree = "<group>";
		};
		7B7A5E9C1E0FEBE60011073A /* Source */ = {
			isa = PBXGroup;
			children = (
				7B7A5E9D1E0FEBE60011073A /* Constraint.swift */,
				7B7A5E9E1E0FEBE60011073A /* ConstraintAttributes.swift */,
				7B7A5E9F1E0FEBE60011073A /* ConstraintConfig.swift */,
				7B7A5EA01E0FEBE60011073A /* ConstraintConstantTarget.swift */,
				7B7A5EA11E0FEBE60011073A /* ConstraintDescription.swift */,
				7B7A5EA21E0FEBE60011073A /* ConstraintDSL.swift */,
				7B7A5EA31E0FEBE60011073A /* ConstraintInsets.swift */,
				7B7A5EA41E0FEBE60011073A /* ConstraintInsetTarget.swift */,
				7B7A5EA51E0FEBE60011073A /* ConstraintItem.swift */,
				7B7A5EA61E0FEBE60011073A /* ConstraintLayoutGuide.swift */,
				7B7A5EA71E0FEBE60011073A /* ConstraintLayoutGuideDSL.swift */,
				7B7A5EA81E0FEBE60011073A /* ConstraintLayoutSupport.swift */,
				7B7A5EA91E0FEBE60011073A /* ConstraintLayoutSupportDSL.swift */,
				7B7A5EAA1E0FEBE60011073A /* ConstraintMaker.swift */,
				7B7A5EAB1E0FEBE60011073A /* ConstraintMakerEditable.swift */,
				7B7A5EAC1E0FEBE60011073A /* ConstraintMakerExtendable.swift */,
				7B7A5EAD1E0FEBE60011073A /* ConstraintMakerFinalizable.swift */,
				7B7A5EAE1E0FEBE60011073A /* ConstraintMakerPriortizable.swift */,
				7B7A5EAF1E0FEBE60011073A /* ConstraintMakerRelatable.swift */,
				7B7A5EB01E0FEBE60011073A /* ConstraintMultiplierTarget.swift */,
				7B7A5EB11E0FEBE60011073A /* ConstraintOffsetTarget.swift */,
				7B7A5EB21E0FEBE60011073A /* ConstraintPriorityTarget.swift */,
				7B7A5EB31E0FEBE60011073A /* ConstraintRelatableTarget.swift */,
				7B7A5EB41E0FEBE60011073A /* ConstraintRelation.swift */,
				7B7A5EB51E0FEBE60011073A /* ConstraintView+Extensions.swift */,
				7B7A5EB61E0FEBE60011073A /* ConstraintView.swift */,
				7B7A5EB71E0FEBE60011073A /* ConstraintViewDSL.swift */,
				7B7A5EB81E0FEBE60011073A /* Debugging.swift */,
				7B7A5EB91E0FEBE60011073A /* LayoutConstraint.swift */,
				7B7A5EBA1E0FEBE60011073A /* UILayoutGuide+Extensions.swift */,
				7B7A5EBB1E0FEBE60011073A /* UILayoutSupport+Extensions.swift */,
			);
			path = Source;
			sourceTree = "<group>";
		};
		94370D3E1E025ECB0076CC0D = {
			isa = PBXGroup;
			children = (
				94370D491E025ECB0076CC0D /* TestNetEase */,
				94370D481E025ECB0076CC0D /* Products */,
			);
			sourceTree = "<group>";
		};
		94370D481E025ECB0076CC0D /* Products */ = {
			isa = PBXGroup;
			children = (
				94370D471E025ECB0076CC0D /* TestNetEase.app */,
			);
			name = Products;
			sourceTree = "<group>";
		};
		94370D491E025ECB0076CC0D /* TestNetEase */ = {
			isa = PBXGroup;
			children = (
				7B7A5E991E0FEBE60011073A /* SnapKit */,
				7B16F4041E210FA600F0E128 /* NewsContentCell.swift */,
				7B16F4021E210E8400F0E128 /* HeaderView.swift */,
				7B16F4001E210E7A00F0E128 /* ContentCollectionView.swift */,
				7B40293D1E0E6F9C009D1B62 /* NewsViewController.swift */,
				7B4029371E0E5F0B009D1B62 /* RandomGenerator.swift */,
				94370D4A1E025ECB0076CC0D /* AppDelegate.swift */,
				94370D4E1E025ECB0076CC0D /* Main.storyboard */,
				94370D511E025ECB0076CC0D /* Assets.xcassets */,
				94370D531E025ECB0076CC0D /* LaunchScreen.storyboard */,
				94370D561E025ECB0076CC0D /* Info.plist */,
			);
			path = TestNetEase;
			sourceTree = "<group>";
		};
/* End PBXGroup section */

/* Begin PBXNativeTarget section */
		94370D461E025ECB0076CC0D /* TestNetEase */ = {
			isa = PBXNativeTarget;
			buildConfigurationList = 94370D591E025ECB0076CC0D /* Build configuration list for PBXNativeTarget "TestNetEase" */;
			buildPhases = (
				94370D431E025ECB0076CC0D /* Sources */,
				94370D441E025ECB0076CC0D /* Frameworks */,
				94370D451E025ECB0076CC0D /* Resources */,
			);
			buildRules = (
			);
			dependencies = (
			);
			name = TestNetEase;
			productName = TestNetEase;
			productReference = 94370D471E025ECB0076CC0D /* TestNetEase.app */;
			productType = "com.apple.product-type.application";
		};
/* End PBXNativeTarget section */

/* Begin PBXProject section */
		94370D3F1E025ECB0076CC0D /* Project object */ = {
			isa = PBXProject;
			attributes = {
				LastSwiftUpdateCheck = 0820;
				LastUpgradeCheck = 0820;
				ORGANIZATIONNAME = tiantengfei;
				TargetAttributes = {
					94370D461E025ECB0076CC0D = {
						CreatedOnToolsVersion = 8.2;
						DevelopmentTeam = PT9DVAHP72;
						ProvisioningStyle = Automatic;
					};
				};
			};
			buildConfigurationList = 94370D421E025ECB0076CC0D /* Build configuration list for PBXProject "TestNetEase" */;
			compatibilityVersion = "Xcode 3.2";
			developmentRegion = English;
			hasScannedForEncodings = 0;
			knownRegions = (
				en,
				Base,
			);
			mainGroup = 94370D3E1E025ECB0076CC0D;
			productRefGroup = 94370D481E025ECB0076CC0D /* Products */;
			projectDirPath = "";
			projectRoot = "";
			targets = (
				94370D461E025ECB0076CC0D /* TestNetEase */,
			);
		};
/* End PBXProject section */

/* Begin PBXResourcesBuildPhase section */
		94370D451E025ECB0076CC0D /* Resources */ = {
			isa = PBXResourcesBuildPhase;
			buildActionMask = 2147483647;
			files = (
				94370D551E025ECB0076CC0D /* LaunchScreen.storyboard in Resources */,
				94370D521E025ECB0076CC0D /* Assets.xcassets in Resources */,
				7B7A5EBC1E0FEBE60011073A /* LICENSE in Resources */,
				94370D501E025ECB0076CC0D /* Main.storyboard in Resources */,
			);
			runOnlyForDeploymentPostprocessing = 0;
		};
/* End PBXResourcesBuildPhase section */

/* Begin PBXSourcesBuildPhase section */
		94370D431E025ECB0076CC0D /* Sources */ = {
			isa = PBXSourcesBuildPhase;
			buildActionMask = 2147483647;
			files = (
				7B16F4051E210FA600F0E128 /* NewsContentCell.swift in Sources */,
				7B7A5ECC1E0FEBE60011073A /* ConstraintMakerEditable.swift in Sources */,
				7B7A5EBD1E0FEBE60011073A /* README.md in Sources */,
				7B7A5EDB1E0FEBE60011073A /* UILayoutGuide+Extensions.swift in Sources */,
				7B7A5ECB1E0FEBE60011073A /* ConstraintMaker.swift in Sources */,
				7B7A5ED31E0FEBE60011073A /* ConstraintPriorityTarget.swift in Sources */,
				7B7A5EBF1E0FEBE60011073A /* ConstraintAttributes.swift in Sources */,
				7B7A5EDA1E0FEBE60011073A /* LayoutConstraint.swift in Sources */,
				7B7A5EC31E0FEBE60011073A /* ConstraintDSL.swift in Sources */,
				7B7A5EBE1E0FEBE60011073A /* Constraint.swift in Sources */,
				7B7A5EC01E0FEBE60011073A /* ConstraintConfig.swift in Sources */,
				7B7A5ECF1E0FEBE60011073A /* ConstraintMakerPriortizable.swift in Sources */,
				7B7A5ED21E0FEBE60011073A /* ConstraintOffsetTarget.swift in Sources */,
				7B16F4011E210E7A00F0E128 /* ContentCollectionView.swift in Sources */,
				7B7A5ED91E0FEBE60011073A /* Debugging.swift in Sources */,
				7B7A5EC71E0FEBE60011073A /* ConstraintLayoutGuide.swift in Sources */,
				7B7A5ED61E0FEBE60011073A /* ConstraintView+Extensions.swift in Sources */,
				7B7A5EC81E0FEBE60011073A /* ConstraintLayoutGuideDSL.swift in Sources */,
				7B7A5ED71E0FEBE60011073A /* ConstraintView.swift in Sources */,
				7B7A5ECD1E0FEBE60011073A /* ConstraintMakerExtendable.swift in Sources */,
				7B7A5ED41E0FEBE60011073A /* ConstraintRelatableTarget.swift in Sources */,
				7B7A5ED51E0FEBE60011073A /* ConstraintRelation.swift in Sources */,
				7B7A5EC41E0FEBE60011073A /* ConstraintInsets.swift in Sources */,
				7B7A5EC91E0FEBE60011073A /* ConstraintLayoutSupport.swift in Sources */,
				7B16F4031E210E8400F0E128 /* HeaderView.swift in Sources */,
				7B4029381E0E5F0B009D1B62 /* RandomGenerator.swift in Sources */,
				7B7A5EC11E0FEBE60011073A /* ConstraintConstantTarget.swift in Sources */,
				94370D4B1E025ECB0076CC0D /* AppDelegate.swift in Sources */,
				7B40293E1E0E6F9C009D1B62 /* NewsViewController.swift in Sources */,
				7B7A5ECA1E0FEBE60011073A /* ConstraintLayoutSupportDSL.swift in Sources */,
				7B7A5EC21E0FEBE60011073A /* ConstraintDescription.swift in Sources */,
				7B7A5EC51E0FEBE60011073A /* ConstraintInsetTarget.swift in Sources */,
				7B7A5ED11E0FEBE60011073A /* ConstraintMultiplierTarget.swift in Sources */,
				7B7A5ED01E0FEBE60011073A /* ConstraintMakerRelatable.swift in Sources */,
				7B7A5EDC1E0FEBE60011073A /* UILayoutSupport+Extensions.swift in Sources */,
				7B7A5ECE1E0FEBE60011073A /* ConstraintMakerFinalizable.swift in Sources */,
				7B7A5EC61E0FEBE60011073A /* ConstraintItem.swift in Sources */,
				7B7A5ED81E0FEBE60011073A /* ConstraintViewDSL.swift in Sources */,
			);
			runOnlyForDeploymentPostprocessing = 0;
		};
/* End PBXSourcesBuildPhase section */

/* Begin PBXVariantGroup section */
		94370D4E1E025ECB0076CC0D /* Main.storyboard */ = {
			isa = PBXVariantGroup;
			children = (
				94370D4F1E025ECB0076CC0D /* Base */,
			);
			name = Main.storyboard;
			sourceTree = "<group>";
		};
		94370D531E025ECB0076CC0D /* LaunchScreen.storyboard */ = {
			isa = PBXVariantGroup;
			children = (
				94370D541E025ECB0076CC0D /* Base */,
			);
			name = LaunchScreen.storyboard;
			sourceTree = "<group>";
		};
/* End PBXVariantGroup section */

/* Begin XCBuildConfiguration section */
		94370D571E025ECB0076CC0D /* Debug */ = {
			isa = XCBuildConfiguration;
			buildSettings = {
				ALWAYS_SEARCH_USER_PATHS = NO;
				CLANG_ANALYZER_NONNULL = YES;
				CLANG_CXX_LANGUAGE_STANDARD = "gnu++0x";
				CLANG_CXX_LIBRARY = "libc++";
				CLANG_ENABLE_MODULES = YES;
				CLANG_ENABLE_OBJC_ARC = YES;
				CLANG_WARN_BOOL_CONVERSION = YES;
				CLANG_WARN_CONSTANT_CONVERSION = YES;
				CLANG_WARN_DIRECT_OBJC_ISA_USAGE = YES_ERROR;
				CLANG_WARN_DOCUMENTATION_COMMENTS = YES;
				CLANG_WARN_EMPTY_BODY = YES;
				CLANG_WARN_ENUM_CONVERSION = YES;
				CLANG_WARN_INFINITE_RECURSION = YES;
				CLANG_WARN_INT_CONVERSION = YES;
				CLANG_WARN_OBJC_ROOT_CLASS = YES_ERROR;
				CLANG_WARN_SUSPICIOUS_MOVE = YES;
				CLANG_WARN_UNREACHABLE_CODE = YES;
				CLANG_WARN__DUPLICATE_METHOD_MATCH = YES;
				"CODE_SIGN_IDENTITY[sdk=iphoneos*]" = "iPhone Developer";
				COPY_PHASE_STRIP = NO;
				DEBUG_INFORMATION_FORMAT = dwarf;
				ENABLE_STRICT_OBJC_MSGSEND = YES;
				ENABLE_TESTABILITY = YES;
				GCC_C_LANGUAGE_STANDARD = gnu99;
				GCC_DYNAMIC_NO_PIC = NO;
				GCC_NO_COMMON_BLOCKS = YES;
				GCC_OPTIMIZATION_LEVEL = 0;
				GCC_PREPROCESSOR_DEFINITIONS = (
					"DEBUG=1",
					"$(inherited)",
				);
				GCC_WARN_64_TO_32_BIT_CONVERSION = YES;
				GCC_WARN_ABOUT_RETURN_TYPE = YES_ERROR;
				GCC_WARN_UNDECLARED_SELECTOR = YES;
				GCC_WARN_UNINITIALIZED_AUTOS = YES_AGGRESSIVE;
				GCC_WARN_UNUSED_FUNCTION = YES;
				GCC_WARN_UNUSED_VARIABLE = YES;
				IPHONEOS_DEPLOYMENT_TARGET = 10.2;
				MTL_ENABLE_DEBUG_INFO = YES;
				ONLY_ACTIVE_ARCH = YES;
				SDKROOT = iphoneos;
				SWIFT_ACTIVE_COMPILATION_CONDITIONS = DEBUG;
				SWIFT_OPTIMIZATION_LEVEL = "-Onone";
			};
			name = Debug;
		};
		94370D581E025ECB0076CC0D /* Release */ = {
			isa = XCBuildConfiguration;
			buildSettings = {
				ALWAYS_SEARCH_USER_PATHS = NO;
				CLANG_ANALYZER_NONNULL = YES;
				CLANG_CXX_LANGUAGE_STANDARD = "gnu++0x";
				CLANG_CXX_LIBRARY = "libc++";
				CLANG_ENABLE_MODULES = YES;
				CLANG_ENABLE_OBJC_ARC = YES;
				CLANG_WARN_BOOL_CONVERSION = YES;
				CLANG_WARN_CONSTANT_CONVERSION = YES;
				CLANG_WARN_DIRECT_OBJC_ISA_USAGE = YES_ERROR;
				CLANG_WARN_DOCUMENTATION_COMMENTS = YES;
				CLANG_WARN_EMPTY_BODY = YES;
				CLANG_WARN_ENUM_CONVERSION = YES;
				CLANG_WARN_INFINITE_RECURSION = YES;
				CLANG_WARN_INT_CONVERSION = YES;
				CLANG_WARN_OBJC_ROOT_CLASS = YES_ERROR;
				CLANG_WARN_SUSPICIOUS_MOVE = YES;
				CLANG_WARN_UNREACHABLE_CODE = YES;
				CLANG_WARN__DUPLICATE_METHOD_MATCH = YES;
				"CODE_SIGN_IDENTITY[sdk=iphoneos*]" = "iPhone Developer";
				COPY_PHASE_STRIP = NO;
				DEBUG_INFORMATION_FORMAT = "dwarf-with-dsym";
				ENABLE_NS_ASSERTIONS = NO;
				ENABLE_STRICT_OBJC_MSGSEND = YES;
				GCC_C_LANGUAGE_STANDARD = gnu99;
				GCC_NO_COMMON_BLOCKS = YES;
				GCC_WARN_64_TO_32_BIT_CONVERSION = YES;
				GCC_WARN_ABOUT_RETURN_TYPE = YES_ERROR;
				GCC_WARN_UNDECLARED_SELECTOR = YES;
				GCC_WARN_UNINITIALIZED_AUTOS = YES_AGGRESSIVE;
				GCC_WARN_UNUSED_FUNCTION = YES;
				GCC_WARN_UNUSED_VARIABLE = YES;
				IPHONEOS_DEPLOYMENT_TARGET = 10.2;
				MTL_ENABLE_DEBUG_INFO = NO;
				SDKROOT = iphoneos;
				SWIFT_OPTIMIZATION_LEVEL = "-Owholemodule";
				VALIDATE_PRODUCT = YES;
			};
			name = Release;
		};
		94370D5A1E025ECB0076CC0D /* Debug */ = {
			isa = XCBuildConfiguration;
			buildSettings = {
				ASSETCATALOG_COMPILER_APPICON_NAME = AppIcon;
				DEVELOPMENT_TEAM = PT9DVAHP72;
				INFOPLIST_FILE = TestNetEase/Info.plist;
				IPHONEOS_DEPLOYMENT_TARGET = 9.0;
				LD_RUNPATH_SEARCH_PATHS = "$(inherited) @executable_path/Frameworks";
				PRODUCT_BUNDLE_IDENTIFIER = com.hujiang.ttf.TestNetEase;
				PRODUCT_NAME = "$(TARGET_NAME)";
				SWIFT_VERSION = 3.0;
			};
			name = Debug;
		};
		94370D5B1E025ECB0076CC0D /* Release */ = {
			isa = XCBuildConfiguration;
			buildSettings = {
				ASSETCATALOG_COMPILER_APPICON_NAME = AppIcon;
				DEVELOPMENT_TEAM = PT9DVAHP72;
				INFOPLIST_FILE = TestNetEase/Info.plist;
				IPHONEOS_DEPLOYMENT_TARGET = 9.0;
				LD_RUNPATH_SEARCH_PATHS = "$(inherited) @executable_path/Frameworks";
				PRODUCT_BUNDLE_IDENTIFIER = com.hujiang.ttf.TestNetEase;
				PRODUCT_NAME = "$(TARGET_NAME)";
				SWIFT_VERSION = 3.0;
			};
			name = Release;
		};
/* End XCBuildConfiguration section */

/* Begin XCConfigurationList section */
		94370D421E025ECB0076CC0D /* Build configuration list for PBXProject "TestNetEase" */ = {
			isa = XCConfigurationList;
			buildConfigurations = (
				94370D571E025ECB0076CC0D /* Debug */,
				94370D581E025ECB0076CC0D /* Release */,
			);
			defaultConfigurationIsVisible = 0;
			defaultConfigurationName = Release;
		};
		94370D591E025ECB0076CC0D /* Build configuration list for PBXNativeTarget "TestNetEase" */ = {
			isa = XCConfigurationList;
			buildConfigurations = (
				94370D5A1E025ECB0076CC0D /* Debug */,
				94370D5B1E025ECB0076CC0D /* Release */,
			);
			defaultConfigurationIsVisible = 0;
			defaultConfigurationName = Release;
		};
/* End XCConfigurationList section */
	};
	rootObject = 94370D3F1E025ECB0076CC0D /* Project object */;
}
